GIT
  remote: git://github.com/puppetlabs/puppetlabs-stdlib.git
  ref: 4.1.0
  sha: 1ffd72daaaf21e71e762b6cd543043680bdb6694
  specs:
    puppetlabs-stdlib (0.0.1)

GIT
  remote: git@github.com:cargomedia/puppet-packages.git
  path: modules/apache2
  ref: master
  sha: a2822b51d1a7163a98ef9827e3c58f0cff32ea6a
  specs:
    cargomedia-apache2 (0.0.1)
      cargomedia-apt (>= 0)
      cargomedia-monit (>= 0)

GIT
  remote: git@github.com:cargomedia/puppet-packages.git
  path: modules/apt
  ref: master
  sha: a2822b51d1a7163a98ef9827e3c58f0cff32ea6a
  specs:
    cargomedia-apt (0.0.1)

GIT
  remote: git@github.com:cargomedia/puppet-packages.git
  path: modules/autoprefixer
  ref: master
  sha: a2822b51d1a7163a98ef9827e3c58f0cff32ea6a
  specs:
    cargomedia-autoprefixer (0.0.1)
      cargomedia-nodejs (>= 0)

GIT
  remote: git@github.com:cargomedia/puppet-packages.git
  path: modules/bipbip
  ref: master
  sha: a2822b51d1a7163a98ef9827e3c58f0cff32ea6a
  specs:
    cargomedia-bipbip (0.0.1)
      cargomedia-apt (>= 0)
      cargomedia-build (>= 0)
      cargomedia-cgi_fcgi (>= 0)
      cargomedia-logrotate (>= 0)
      cargomedia-monit (>= 0)
      cargomedia-ruby (>= 0)

GIT
  remote: git@github.com:cargomedia/puppet-packages.git
  path: modules/browserify
  ref: master
  sha: a2822b51d1a7163a98ef9827e3c58f0cff32ea6a
  specs:
    cargomedia-browserify (0.0.1)
      cargomedia-nodejs (>= 0)

GIT
  remote: git@github.com:cargomedia/puppet-packages.git
  path: modules/build
  ref: master
  sha: a2822b51d1a7163a98ef9827e3c58f0cff32ea6a
  specs:
    cargomedia-build (0.0.1)
      cargomedia-apt (>= 0)

GIT
  remote: git@github.com:cargomedia/puppet-packages.git
  path: modules/cgi_fcgi
  ref: master
  sha: a2822b51d1a7163a98ef9827e3c58f0cff32ea6a
  specs:
    cargomedia-cgi_fcgi (0.0.1)
      cargomedia-apt (>= 0)

GIT
  remote: git@github.com:cargomedia/puppet-packages.git
  path: modules/cm
  ref: master
  sha: a2822b51d1a7163a98ef9827e3c58f0cff32ea6a
  specs:
    cargomedia-cm (0.0.1)
      cargomedia-autoprefixer (>= 0)
      cargomedia-bipbip (>= 0)
      cargomedia-browserify (>= 0)
      cargomedia-cm_janus (>= 0)
      cargomedia-composer (>= 0)
      cargomedia-elasticsearch (>= 0)
      cargomedia-foreman (>= 0)
      cargomedia-gearman (>= 0)
      cargomedia-janus (>= 0)
      cargomedia-memcached (>= 0)
      cargomedia-mongodb (>= 0)
      cargomedia-mysql (>= 0)
      cargomedia-nginx (>= 0)
      cargomedia-php5 (>= 0)
      cargomedia-phpunit (>= 0)
      cargomedia-redis (>= 0)
      cargomedia-socket_redis (>= 0)
      cargomedia-uglify (>= 0)
      cargomedia-wowza (>= 0)
      puppetlabs-stdlib (>= 0)

GIT
  remote: git@github.com:cargomedia/puppet-packages.git
  path: modules/cm_janus
  ref: master
  sha: a2822b51d1a7163a98ef9827e3c58f0cff32ea6a
  specs:
    cargomedia-cm_janus (0.0.1)
      cargomedia-bipbip (>= 0)
      cargomedia-logrotate (>= 0)
      cargomedia-mjr_convert (>= 0)
      cargomedia-monit (>= 0)
      cargomedia-nginx (>= 0)
      cargomedia-nodejs (>= 0)
      cargomedia-sysvinit (>= 0)

GIT
  remote: git@github.com:cargomedia/puppet-packages.git
  path: modules/composer
  ref: master
  sha: a2822b51d1a7163a98ef9827e3c58f0cff32ea6a
  specs:
    cargomedia-composer (0.0.1)
      cargomedia-php5 (>= 0)

GIT
  remote: git@github.com:cargomedia/puppet-packages.git
  path: modules/daemon
  ref: master
  sha: a2822b51d1a7163a98ef9827e3c58f0cff32ea6a
  specs:
    cargomedia-daemon (0.0.1)
      cargomedia-monit (>= 0)
      cargomedia-systemd (>= 0)
      cargomedia-sysvinit (>= 0)

GIT
  remote: git@github.com:cargomedia/puppet-packages.git
  path: modules/database
  ref: master
  sha: a2822b51d1a7163a98ef9827e3c58f0cff32ea6a
  specs:
    cargomedia-database (0.0.1)

GIT
  remote: git@github.com:cargomedia/puppet-packages.git
  path: modules/deb_multimedia
  ref: master
  sha: a2822b51d1a7163a98ef9827e3c58f0cff32ea6a
  specs:
    cargomedia-deb_multimedia (0.0.1)
      cargomedia-apt (>= 0)

GIT
  remote: git@github.com:cargomedia/puppet-packages.git
  path: modules/elasticsearch
  ref: master
  sha: a2822b51d1a7163a98ef9827e3c58f0cff32ea6a
  specs:
    cargomedia-elasticsearch (0.0.1)
      cargomedia-helper (>= 0)
      cargomedia-java (>= 0)
      cargomedia-monit (>= 0)

GIT
  remote: git@github.com:cargomedia/puppet-packages.git
  path: modules/ffmpeg
  ref: master
  sha: a2822b51d1a7163a98ef9827e3c58f0cff32ea6a
  specs:
    cargomedia-ffmpeg (0.0.1)
      cargomedia-apt (>= 0)
      cargomedia-build (>= 0)
      cargomedia-deb_multimedia (>= 0)
      cargomedia-helper (>= 0)
      cargomedia-x264 (>= 0)
      cargomedia-yasm (>= 0)

GIT
  remote: git@github.com:cargomedia/puppet-packages.git
  path: modules/foreman
  ref: master
  sha: a2822b51d1a7163a98ef9827e3c58f0cff32ea6a
  specs:
    cargomedia-foreman (0.0.1)
      cargomedia-ruby (>= 0)

GIT
  remote: git@github.com:cargomedia/puppet-packages.git
  path: modules/gearman
  ref: master
  sha: a2822b51d1a7163a98ef9827e3c58f0cff32ea6a
  specs:
    cargomedia-gearman (0.0.1)
      cargomedia-apt (>= 0)
      cargomedia-bipbip (>= 0)
      cargomedia-monit (>= 0)

GIT
  remote: git@github.com:cargomedia/puppet-packages.git
  path: modules/git
  ref: master
  sha: a2822b51d1a7163a98ef9827e3c58f0cff32ea6a
  specs:
    cargomedia-git (0.0.1)
      cargomedia-apt (>= 0)

GIT
  remote: git@github.com:cargomedia/puppet-packages.git
  path: modules/helper
  ref: master
  sha: a2822b51d1a7163a98ef9827e3c58f0cff32ea6a
  specs:
    cargomedia-helper (0.0.1)

GIT
  remote: git@github.com:cargomedia/puppet-packages.git
  path: modules/janus
  ref: master
  sha: a2822b51d1a7163a98ef9827e3c58f0cff32ea6a
  specs:
    cargomedia-janus (0.0.1)
      cargomedia-apt (>= 0)
      cargomedia-bipbip (>= 0)
      cargomedia-build (>= 0)
      cargomedia-daemon (>= 0)
      cargomedia-git (>= 0)
      cargomedia-helper (>= 0)
      cargomedia-logrotate (>= 0)
      cargomedia-monit (>= 0)

GIT
  remote: git@github.com:cargomedia/puppet-packages.git
  path: modules/java
  ref: master
  sha: a2822b51d1a7163a98ef9827e3c58f0cff32ea6a
  specs:
    cargomedia-java (0.0.1)
      cargomedia-apt (>= 0)

GIT
  remote: git@github.com:cargomedia/puppet-packages.git
  path: modules/logrotate
  ref: master
  sha: a2822b51d1a7163a98ef9827e3c58f0cff32ea6a
  specs:
    cargomedia-logrotate (0.0.1)
      cargomedia-apt (>= 0)

GIT
  remote: git@github.com:cargomedia/puppet-packages.git
  path: modules/memcached
  ref: master
  sha: a2822b51d1a7163a98ef9827e3c58f0cff32ea6a
  specs:
    cargomedia-memcached (0.0.1)
      cargomedia-apt (>= 0)
      cargomedia-bipbip (>= 0)
      cargomedia-monit (>= 0)

GIT
  remote: git@github.com:cargomedia/puppet-packages.git
  path: modules/mjr_convert
  ref: master
  sha: a2822b51d1a7163a98ef9827e3c58f0cff32ea6a
  specs:
    cargomedia-mjr_convert (0.0.1)
      cargomedia-ffmpeg (>= 0)
      cargomedia-janus (>= 0)

GIT
  remote: git@github.com:cargomedia/puppet-packages.git
  path: modules/mongodb
  ref: master
  sha: a2822b51d1a7163a98ef9827e3c58f0cff32ea6a
  specs:
    cargomedia-mongodb (0.0.1)
      cargomedia-apt (>= 0)
      cargomedia-bipbip (>= 0)
      cargomedia-logrotate (>= 0)
      cargomedia-monit (>= 0)
      cargomedia-ntp (>= 0)
      puppetlabs-stdlib (>= 0)

GIT
  remote: git@github.com:cargomedia/puppet-packages.git
  path: modules/monit
  ref: master
  sha: a2822b51d1a7163a98ef9827e3c58f0cff32ea6a
  specs:
    cargomedia-monit (0.0.1)
      cargomedia-apt (>= 0)

GIT
  remote: git@github.com:cargomedia/puppet-packages.git
  path: modules/mysql
  ref: master
  sha: a2822b51d1a7163a98ef9827e3c58f0cff32ea6a
  specs:
    cargomedia-mysql (0.0.1)
      cargomedia-apt (>= 0)
      cargomedia-bipbip (>= 0)
      cargomedia-database (>= 0)
      cargomedia-logrotate (>= 0)
      cargomedia-monit (>= 0)
      cargomedia-sysctl (>= 0)
      cargomedia-ulimit (>= 0)

GIT
  remote: git@github.com:cargomedia/puppet-packages.git
  path: modules/nginx
  ref: master
  sha: a2822b51d1a7163a98ef9827e3c58f0cff32ea6a
  specs:
    cargomedia-nginx (0.0.1)
      cargomedia-apt (>= 0)
      cargomedia-monit (>= 0)

GIT
  remote: git@github.com:cargomedia/puppet-packages.git
  path: modules/nodejs
  ref: master
  sha: a2822b51d1a7163a98ef9827e3c58f0cff32ea6a
  specs:
    cargomedia-nodejs (0.0.1)
      cargomedia-apt (>= 0)

GIT
  remote: git@github.com:cargomedia/puppet-packages.git
  path: modules/ntp
  ref: master
  sha: a2822b51d1a7163a98ef9827e3c58f0cff32ea6a
  specs:
    cargomedia-ntp (0.0.1)
      cargomedia-apt (>= 0)
      cargomedia-monit (>= 0)

GIT
  remote: git@github.com:cargomedia/puppet-packages.git
  path: modules/php5
  ref: master
  sha: a2822b51d1a7163a98ef9827e3c58f0cff32ea6a
  specs:
    cargomedia-php5 (0.0.1)
      cargomedia-apache2 (>= 0)
      cargomedia-apt (>= 0)
      cargomedia-bipbip (>= 0)
      cargomedia-build (>= 0)
      cargomedia-gearman (>= 0)
      cargomedia-git (>= 0)
      cargomedia-helper (>= 0)
      cargomedia-logrotate (>= 0)
      cargomedia-monit (>= 0)

GIT
  remote: git@github.com:cargomedia/puppet-packages.git
  path: modules/phpunit
  ref: master
  sha: a2822b51d1a7163a98ef9827e3c58f0cff32ea6a
  specs:
    cargomedia-phpunit (0.0.1)
      cargomedia-php5 (>= 0)

GIT
  remote: git@github.com:cargomedia/puppet-packages.git
  path: modules/redis
  ref: master
  sha: a2822b51d1a7163a98ef9827e3c58f0cff32ea6a
  specs:
    cargomedia-redis (0.0.1)
      cargomedia-apt (>= 0)
      cargomedia-bipbip (>= 0)
      cargomedia-monit (>= 0)
      cargomedia-sysctl (>= 0)

GIT
  remote: git@github.com:cargomedia/puppet-packages.git
  path: modules/ruby
  ref: master
  sha: a2822b51d1a7163a98ef9827e3c58f0cff32ea6a
  specs:
    cargomedia-ruby (0.0.1)
      cargomedia-apt (>= 0)
      cargomedia-build (>= 0)

GIT
  remote: git@github.com:cargomedia/puppet-packages.git
  path: modules/socket_redis
  ref: master
  sha: a2822b51d1a7163a98ef9827e3c58f0cff32ea6a
  specs:
    cargomedia-socket_redis (0.0.1)
      cargomedia-logrotate (>= 0)
      cargomedia-monit (>= 0)
      cargomedia-nodejs (>= 0)
      cargomedia-sysvinit (>= 0)

GIT
  remote: git@github.com:cargomedia/puppet-packages.git
  path: modules/sysctl
  ref: master
  sha: a2822b51d1a7163a98ef9827e3c58f0cff32ea6a
  specs:
    cargomedia-sysctl (0.0.1)

GIT
  remote: git@github.com:cargomedia/puppet-packages.git
  path: modules/systemd
  ref: master
  sha: a2822b51d1a7163a98ef9827e3c58f0cff32ea6a
  specs:
    cargomedia-systemd (0.0.1)
      cargomedia-apt (>= 0)

GIT
  remote: git@github.com:cargomedia/puppet-packages.git
  path: modules/sysvinit
  ref: master
  sha: a2822b51d1a7163a98ef9827e3c58f0cff32ea6a
  specs:
    cargomedia-sysvinit (0.0.1)

GIT
  remote: git@github.com:cargomedia/puppet-packages.git
  path: modules/uglify
  ref: master
  sha: a2822b51d1a7163a98ef9827e3c58f0cff32ea6a
  specs:
    cargomedia-uglify (0.0.1)
      cargomedia-nodejs (>= 0)

GIT
  remote: git@github.com:cargomedia/puppet-packages.git
  path: modules/ulimit
  ref: master
  sha: a2822b51d1a7163a98ef9827e3c58f0cff32ea6a
  specs:
    cargomedia-ulimit (0.0.1)

GIT
  remote: git@github.com:cargomedia/puppet-packages.git
  path: modules/unzip
  ref: master
  sha: a2822b51d1a7163a98ef9827e3c58f0cff32ea6a
  specs:
    cargomedia-unzip (0.0.1)
      cargomedia-apt (>= 0)

GIT
  remote: git@github.com:cargomedia/puppet-packages.git
  path: modules/wowza
  ref: master
  sha: a2822b51d1a7163a98ef9827e3c58f0cff32ea6a
  specs:
    cargomedia-wowza (0.0.1)
      cargomedia-ffmpeg (>= 0)
      cargomedia-helper (>= 0)
      cargomedia-java (>= 0)
      cargomedia-monit (>= 0)
      cargomedia-sysvinit (>= 0)

GIT
  remote: git@github.com:cargomedia/puppet-packages.git
  path: modules/x264
  ref: master
  sha: a2822b51d1a7163a98ef9827e3c58f0cff32ea6a
  specs:
    cargomedia-x264 (0.0.1)
      cargomedia-build (>= 0)
      cargomedia-helper (>= 0)
      cargomedia-yasm (>= 0)

GIT
  remote: git@github.com:cargomedia/puppet-packages.git
  path: modules/yasm
  ref: master
  sha: a2822b51d1a7163a98ef9827e3c58f0cff32ea6a
  specs:
    cargomedia-yasm (0.0.1)
      cargomedia-build (>= 0)
      cargomedia-helper (>= 0)
      cargomedia-unzip (>= 0)

DEPENDENCIES
  cargomedia-cm (>= 0)

