GIT
  remote: git://github.com/puppetlabs/puppetlabs-stdlib.git
  ref: master
  sha: fb4b2c75210c50974025689d81b08cd6bc9c475f
  specs:
    puppetlabs-stdlib (4.17.0)

GIT
  remote: git@github.com:cargomedia/puppet-packages.git
  path: modules/apt
  ref: master
  sha: f09ddc32d49d0b4852523d212b187f454d4fc9b0
  specs:
    cargomedia-apt (0.0.1)
      cargomedia-ucf (>= 0)

GIT
  remote: git@github.com:cargomedia/puppet-packages.git
  path: modules/autoprefixer
  ref: master
  sha: f09ddc32d49d0b4852523d212b187f454d4fc9b0
  specs:
    cargomedia-autoprefixer (0.0.1)
      cargomedia-nodejs (>= 0)

GIT
  remote: git@github.com:cargomedia/puppet-packages.git
  path: modules/bipbip
  ref: master
  sha: f09ddc32d49d0b4852523d212b187f454d4fc9b0
  specs:
    cargomedia-bipbip (0.0.1)
      cargomedia-apt (>= 0)
      cargomedia-build (>= 0)
      cargomedia-cgi_fcgi (>= 0)
      cargomedia-logrotate (>= 0)
      cargomedia-monit (>= 0)
      cargomedia-ruby (>= 0)

GIT
  remote: git@github.com:cargomedia/puppet-packages.git
  path: modules/browserify
  ref: master
  sha: f09ddc32d49d0b4852523d212b187f454d4fc9b0
  specs:
    cargomedia-browserify (0.0.1)
      cargomedia-nodejs (>= 0)

GIT
  remote: git@github.com:cargomedia/puppet-packages.git
  path: modules/build
  ref: master
  sha: f09ddc32d49d0b4852523d212b187f454d4fc9b0
  specs:
    cargomedia-build (0.0.1)
      cargomedia-apt (>= 0)

GIT
  remote: git@github.com:cargomedia/puppet-packages.git
  path: modules/cgi_fcgi
  ref: master
  sha: f09ddc32d49d0b4852523d212b187f454d4fc9b0
  specs:
    cargomedia-cgi_fcgi (0.0.1)
      cargomedia-apt (>= 0)

GIT
  remote: git@github.com:cargomedia/puppet-packages.git
  path: modules/cm
  ref: master
  sha: f09ddc32d49d0b4852523d212b187f454d4fc9b0
  specs:
    cargomedia-cm (0.0.1)
      cargomedia-autoprefixer (>= 0)
      cargomedia-bipbip (>= 0)
      cargomedia-browserify (>= 0)
      cargomedia-cm_janus (>= 0)
      cargomedia-composer (>= 0)
      cargomedia-elasticsearch (>= 0)
      cargomedia-foreman (>= 0)
      cargomedia-foreman_systemd (>= 0)
      cargomedia-gearman (>= 0)
      cargomedia-janus (>= 0)
      cargomedia-memcached (>= 0)
      cargomedia-mongodb (>= 0)
      cargomedia-mysql (>= 0)
      cargomedia-nginx (>= 0)
      cargomedia-phantomjs (>= 0)
      cargomedia-php5 (>= 0)
      cargomedia-phpunit (>= 0)
      cargomedia-redis (>= 0)
      cargomedia-socket_redis (>= 0)
      cargomedia-systemd (>= 0)
      cargomedia-ufw (>= 0)
      cargomedia-uglify (>= 0)
      puppetlabs-stdlib (>= 0)

GIT
  remote: git@github.com:cargomedia/puppet-packages.git
  path: modules/cm_janus
  ref: master
  sha: f09ddc32d49d0b4852523d212b187f454d4fc9b0
  specs:
    cargomedia-cm_janus (0.0.1)
      cargomedia-bipbip (>= 0)
      cargomedia-fluentd (>= 0)
      cargomedia-lame (>= 0)
      cargomedia-logrotate (>= 0)
      cargomedia-mjr_convert (>= 0)
      cargomedia-nginx (>= 0)
      cargomedia-nodejs (>= 0)

GIT
  remote: git@github.com:cargomedia/puppet-packages.git
  path: modules/composer
  ref: master
  sha: f09ddc32d49d0b4852523d212b187f454d4fc9b0
  specs:
    cargomedia-composer (0.0.1)
      cargomedia-php5 (>= 0)

GIT
  remote: git@github.com:cargomedia/puppet-packages.git
  path: modules/daemon
  ref: master
  sha: f09ddc32d49d0b4852523d212b187f454d4fc9b0
  specs:
    cargomedia-daemon (0.0.1)
      cargomedia-monit (>= 0)
      cargomedia-sudo (>= 0)
      cargomedia-systemd (>= 0)
      puppetlabs-stdlib (>= 0)

GIT
  remote: git@github.com:cargomedia/puppet-packages.git
  path: modules/database
  ref: master
  sha: f09ddc32d49d0b4852523d212b187f454d4fc9b0
  specs:
    cargomedia-database (0.0.1)

GIT
  remote: git@github.com:cargomedia/puppet-packages.git
  path: modules/elasticsearch
  ref: master
  sha: f09ddc32d49d0b4852523d212b187f454d4fc9b0
  specs:
    cargomedia-elasticsearch (0.0.1)
      cargomedia-apt (>= 0)
      cargomedia-helper (>= 0)
      cargomedia-java (>= 0)
      cargomedia-monit (>= 0)

GIT
  remote: git@github.com:cargomedia/puppet-packages.git
  path: modules/ffmpeg
  ref: master
  sha: f09ddc32d49d0b4852523d212b187f454d4fc9b0
  specs:
    cargomedia-ffmpeg (0.0.3)
      cargomedia-apt (>= 0)

GIT
  remote: git@github.com:cargomedia/puppet-packages.git
  path: modules/fluentd
  ref: master
  sha: f09ddc32d49d0b4852523d212b187f454d4fc9b0
  specs:
    cargomedia-fluentd (0.0.1)
      cargomedia-daemon (>= 0)
      cargomedia-logrotate (>= 0)
      cargomedia-ruby (>= 0)

GIT
  remote: git@github.com:cargomedia/puppet-packages.git
  path: modules/foreman
  ref: master
  sha: f09ddc32d49d0b4852523d212b187f454d4fc9b0
  specs:
    cargomedia-foreman (0.0.1)
      cargomedia-ruby (>= 0)

GIT
  remote: git@github.com:cargomedia/puppet-packages.git
  path: modules/foreman_systemd
  ref: master
  sha: f09ddc32d49d0b4852523d212b187f454d4fc9b0
  specs:
    cargomedia-foreman_systemd (0.0.1)
      cargomedia-foreman (>= 0)

GIT
  remote: git@github.com:cargomedia/puppet-packages.git
  path: modules/gearman
  ref: master
  sha: f09ddc32d49d0b4852523d212b187f454d4fc9b0
  specs:
    cargomedia-gearman (0.0.1)
      cargomedia-apt (>= 0)
      cargomedia-bipbip (>= 0)
      cargomedia-monit (>= 0)

GIT
  remote: git@github.com:cargomedia/puppet-packages.git
  path: modules/git
  ref: master
  sha: f09ddc32d49d0b4852523d212b187f454d4fc9b0
  specs:
    cargomedia-git (0.0.1)
      cargomedia-apt (>= 0)

GIT
  remote: git@github.com:cargomedia/puppet-packages.git
  path: modules/helper
  ref: master
  sha: f09ddc32d49d0b4852523d212b187f454d4fc9b0
  specs:
    cargomedia-helper (0.0.1)

GIT
  remote: git@github.com:cargomedia/puppet-packages.git
  path: modules/janus
  ref: master
  sha: f09ddc32d49d0b4852523d212b187f454d4fc9b0
  specs:
    cargomedia-janus (0.0.1)
      cargomedia-apt (>= 0)
      cargomedia-bipbip (>= 0)
      cargomedia-build (>= 0)
      cargomedia-daemon (>= 0)
      cargomedia-fluentd (>= 0)
      cargomedia-git (>= 0)
      cargomedia-helper (>= 0)
      cargomedia-logrotate (>= 0)
      cargomedia-needrestart (>= 0)

GIT
  remote: git@github.com:cargomedia/puppet-packages.git
  path: modules/java
  ref: master
  sha: f09ddc32d49d0b4852523d212b187f454d4fc9b0
  specs:
    cargomedia-java (0.0.2)
      cargomedia-apt (>= 0)

GIT
  remote: git@github.com:cargomedia/puppet-packages.git
  path: modules/lame
  ref: master
  sha: f09ddc32d49d0b4852523d212b187f454d4fc9b0
  specs:
    cargomedia-lame (0.0.1)
      cargomedia-apt (>= 0)

GIT
  remote: git@github.com:cargomedia/puppet-packages.git
  path: modules/logrotate
  ref: master
  sha: f09ddc32d49d0b4852523d212b187f454d4fc9b0
  specs:
    cargomedia-logrotate (0.0.1)
      cargomedia-apt (>= 0)

GIT
  remote: git@github.com:cargomedia/puppet-packages.git
  path: modules/memcached
  ref: master
  sha: f09ddc32d49d0b4852523d212b187f454d4fc9b0
  specs:
    cargomedia-memcached (0.0.1)
      cargomedia-apt (>= 0)
      cargomedia-bipbip (>= 0)
      cargomedia-daemon (>= 0)

GIT
  remote: git@github.com:cargomedia/puppet-packages.git
  path: modules/mjr_convert
  ref: master
  sha: f09ddc32d49d0b4852523d212b187f454d4fc9b0
  specs:
    cargomedia-mjr_convert (0.0.1)
      cargomedia-ffmpeg (>= 0)
      cargomedia-janus (>= 0)

GIT
  remote: git@github.com:cargomedia/puppet-packages.git
  path: modules/mongodb
  ref: master
  sha: f09ddc32d49d0b4852523d212b187f454d4fc9b0
  specs:
    cargomedia-mongodb (0.0.1)
      cargomedia-apt (>= 0)
      cargomedia-bipbip (>= 0)
      cargomedia-daemon (>= 0)
      cargomedia-logrotate (>= 0)
      cargomedia-ntp (>= 0)
      puppetlabs-stdlib (>= 0)

GIT
  remote: git@github.com:cargomedia/puppet-packages.git
  path: modules/monit
  ref: master
  sha: f09ddc32d49d0b4852523d212b187f454d4fc9b0
  specs:
    cargomedia-monit (0.0.1)
      cargomedia-apt (>= 0)

GIT
  remote: git@github.com:cargomedia/puppet-packages.git
  path: modules/mysql
  ref: master
  sha: f09ddc32d49d0b4852523d212b187f454d4fc9b0
  specs:
    cargomedia-mysql (0.0.1)
      cargomedia-apt (>= 0)
      cargomedia-bipbip (>= 0)
      cargomedia-daemon (>= 0)
      cargomedia-database (>= 0)
      cargomedia-logrotate (>= 0)
      cargomedia-sysctl (>= 0)

GIT
  remote: git@github.com:cargomedia/puppet-packages.git
  path: modules/needrestart
  ref: master
  sha: f09ddc32d49d0b4852523d212b187f454d4fc9b0
  specs:
    cargomedia-needrestart (0.0.1)
      cargomedia-apt (>= 0)

GIT
  remote: git@github.com:cargomedia/puppet-packages.git
  path: modules/nginx
  ref: master
  sha: f09ddc32d49d0b4852523d212b187f454d4fc9b0
  specs:
    cargomedia-nginx (0.0.1)
      cargomedia-apt (>= 0)
      cargomedia-bipbip (>= 0)
      cargomedia-monit (>= 0)
      cargomedia-ufw (>= 0)

GIT
  remote: git@github.com:cargomedia/puppet-packages.git
  path: modules/nodejs
  ref: master
  sha: f09ddc32d49d0b4852523d212b187f454d4fc9b0
  specs:
    cargomedia-nodejs (0.0.1)
      cargomedia-apt (>= 0)

GIT
  remote: git@github.com:cargomedia/puppet-packages.git
  path: modules/ntp
  ref: master
  sha: f09ddc32d49d0b4852523d212b187f454d4fc9b0
  specs:
    cargomedia-ntp (0.0.1)
      cargomedia-apt (>= 0)
      cargomedia-monit (>= 0)

GIT
  remote: git@github.com:cargomedia/puppet-packages.git
  path: modules/openssl
  ref: master
  sha: f09ddc32d49d0b4852523d212b187f454d4fc9b0
  specs:
    cargomedia-openssl (0.0.1)
      cargomedia-apt (>= 0)

GIT
  remote: git@github.com:cargomedia/puppet-packages.git
  path: modules/phantomjs
  ref: master
  sha: f09ddc32d49d0b4852523d212b187f454d4fc9b0
  specs:
    cargomedia-phantomjs (0.0.1)
      cargomedia-apt (>= 0)
      cargomedia-nodejs (>= 0)
      puppetlabs-stdlib (>= 0)

GIT
  remote: git@github.com:cargomedia/puppet-packages.git
  path: modules/php5
  ref: master
  sha: f09ddc32d49d0b4852523d212b187f454d4fc9b0
  specs:
    cargomedia-php5 (0.0.1)
      cargomedia-apt (>= 0)
      cargomedia-bipbip (>= 0)
      cargomedia-build (>= 0)
      cargomedia-gearman (>= 0)
      cargomedia-git (>= 0)
      cargomedia-helper (>= 0)
      cargomedia-logrotate (>= 0)
      cargomedia-monit (>= 0)
      cargomedia-openssl (>= 0)

GIT
  remote: git@github.com:cargomedia/puppet-packages.git
  path: modules/phpunit
  ref: master
  sha: f09ddc32d49d0b4852523d212b187f454d4fc9b0
  specs:
    cargomedia-phpunit (0.0.1)
      cargomedia-php5 (>= 0)

GIT
  remote: git@github.com:cargomedia/puppet-packages.git
  path: modules/redis
  ref: master
  sha: f09ddc32d49d0b4852523d212b187f454d4fc9b0
  specs:
    cargomedia-redis (0.0.1)
      cargomedia-apt (>= 0)
      cargomedia-bipbip (>= 0)
      cargomedia-monit (>= 0)
      cargomedia-sysctl (>= 0)

GIT
  remote: git@github.com:cargomedia/puppet-packages.git
  path: modules/rsyslog
  ref: master
  sha: f09ddc32d49d0b4852523d212b187f454d4fc9b0
  specs:
    cargomedia-rsyslog (0.0.1)
      cargomedia-apt (>= 0)
      cargomedia-fluentd (>= 0)

GIT
  remote: git@github.com:cargomedia/puppet-packages.git
  path: modules/ruby
  ref: master
  sha: f09ddc32d49d0b4852523d212b187f454d4fc9b0
  specs:
    cargomedia-ruby (0.0.1)
      cargomedia-apt (>= 0)
      cargomedia-build (>= 0)

GIT
  remote: git@github.com:cargomedia/puppet-packages.git
  path: modules/socket_redis
  ref: master
  sha: f09ddc32d49d0b4852523d212b187f454d4fc9b0
  specs:
    cargomedia-socket_redis (0.0.1)
      cargomedia-daemon (>= 0)
      cargomedia-logrotate (>= 0)
      cargomedia-monit (>= 0)
      cargomedia-nodejs (>= 0)
      cargomedia-redis (>= 0)

GIT
  remote: git@github.com:cargomedia/puppet-packages.git
  path: modules/sudo
  ref: master
  sha: f09ddc32d49d0b4852523d212b187f454d4fc9b0
  specs:
    cargomedia-sudo (0.0.1)
      cargomedia-apt (>= 0)

GIT
  remote: git@github.com:cargomedia/puppet-packages.git
  path: modules/sysctl
  ref: master
  sha: f09ddc32d49d0b4852523d212b187f454d4fc9b0
  specs:
    cargomedia-sysctl (0.0.1)

GIT
  remote: git@github.com:cargomedia/puppet-packages.git
  path: modules/systemd
  ref: master
  sha: f09ddc32d49d0b4852523d212b187f454d4fc9b0
  specs:
    cargomedia-systemd (0.0.1)
      cargomedia-apt (>= 0)
      cargomedia-bipbip (>= 0)
      cargomedia-sysctl (>= 0)

GIT
  remote: git@github.com:cargomedia/puppet-packages.git
  path: modules/ucf
  ref: master
  sha: f09ddc32d49d0b4852523d212b187f454d4fc9b0
  specs:
    cargomedia-ucf (0.0.1)

GIT
  remote: git@github.com:cargomedia/puppet-packages.git
  path: modules/ufw
  ref: master
  sha: f09ddc32d49d0b4852523d212b187f454d4fc9b0
  specs:
    cargomedia-ufw (0.0.1)
      cargomedia-apt (>= 0)
      cargomedia-logrotate (>= 0)
      cargomedia-rsyslog (>= 0)
      puppetlabs-stdlib (>= 0)

GIT
  remote: git@github.com:cargomedia/puppet-packages.git
  path: modules/uglify
  ref: master
  sha: f09ddc32d49d0b4852523d212b187f454d4fc9b0
  specs:
    cargomedia-uglify (0.0.1)
      cargomedia-nodejs (>= 0)

DEPENDENCIES
  cargomedia-cm (>= 0)
  cargomedia-janus (>= 0)

